{"1.2.0",
[{<<"etran">>,{pkg,<<"etran">>,<<"0.3.5">>},0},
 {<<"parse_trans">>,{pkg,<<"parse_trans">>,<<"3.4.1">>},0},
 {<<"util">>,{pkg,<<"util">>,<<"1.0.4">>},0}]}.
[
{pkg_hash,[
 {<<"etran">>, <<"A93E92E5361EA85E7D293986551F85E56856EEA6EE0583DFC69F8FA340BB9CEA">>},
 {<<"parse_trans">>, <<"6E6AA8167CB44CC8F39441D05193BE6E6F4E7C2946CB2759F015F8C56B76E5FF">>},
 {<<"util">>, <<"88A8B3985740315E796B95EC5C0AF61A330D6C21C70F9A2301949D07187213F0">>}]},
{pkg_hash_ext,[
 {<<"etran">>, <<"13F56B7981C874B58CBF79EB9ED3FCCF13A47136E95E4CD609AB897C45C68314">>},
 {<<"parse_trans">>, <<"620A406CE75DADA827B82E453C19CF06776BE266F5A67CFF34E1EF2CBB60E49A">>},
 {<<"util">>, <<"08312C24DEDFF5003DA86B552395D75512863295EA3DA8B55FDD8FCC0EE45B15">>}]}
].
