{"1.2.0",
[{<<"etran">>,{pkg,<<"etran">>,<<"0.5.0">>},0},
 {<<"parse_trans">>,{pkg,<<"parse_trans">>,<<"3.3.1">>},0},
 {<<"util">>,{pkg,<<"util">>,<<"1.1.0">>},0}]}.
[
{pkg_hash,[
 {<<"etran">>, <<"7A29E7FE369C9DA7D8D29334AFD7C9C94045571B8AE4B5E895A58F110C81621A">>},
 {<<"parse_trans">>, <<"16328AB840CC09919BD10DAB29E431DA3AF9E9E7E7E6F0089DD5A2D2820011D8">>},
 {<<"util">>, <<"1C66A4E71A31F2D255D9176466C96D527807790A8501B655E186F1B0521791E5">>}]},
{pkg_hash_ext,[
 {<<"etran">>, <<"0752F21D8079ABFD89B9C786DF4E32DE6D52669643095530E5A393AA87D009F3">>},
 {<<"parse_trans">>, <<"07CD9577885F56362D414E8C4C4E6BDF10D43A8767ABB92D24CBE8B24C54888B">>},
 {<<"util">>, <<"C39245499BC0650CB7287255682979DDD8D75419A10C0FABE94DC9E7DDBE9795">>}]}
].
